<?xml version="1.0" encoding="utf-8"?>
<Project ToolsVersion="4.0" xmlns="http://schemas.microsoft.com/developer/msbuild/2003">
  <ItemGroup>
    <Filter Include="Source Files">
      <UniqueIdentifier>{4FC737F1-C7A5-4376-A066-2A32D752A2FF}</UniqueIdentifier>
      <Extensions>cpp;cxx;c;def</Extensions>
    </Filter>
    <Filter Include="Header Files">
      <UniqueIdentifier>{93995380-89BD-4b04-88EB-625FBE52EBFB}</UniqueIdentifier>
      <Extensions>h</Extensions>
    </Filter>
    <Filter Include="Form Files">
      <UniqueIdentifier>{99349809-55BA-4b9d-BF79-8FDBB0286EB3}</UniqueIdentifier>
      <Extensions>ui</Extensions>
    </Filter>
    <Filter Include="Resource Files">
      <UniqueIdentifier>{D9D6E242-F8AF-46E4-B9FD-80ECBC20BA3E}</UniqueIdentifier>
      <Extensions>qrc;*</Extensions>
      <ParseFiles>false</ParseFiles>
    </Filter>
    <Filter Include="Generated Files">
      <UniqueIdentifier>{71ED8ED8-ACB9-4CE9-BBE1-E00B30144E11}</UniqueIdentifier>
      <Extensions>moc;h;cpp</Extensions>
      <SourceControlFiles>False</SourceControlFiles>
    </Filter>
    <Filter Include="Generated Files\Debug">
      <UniqueIdentifier>{907e98d9-3fea-4a64-a061-cf9dba4427f3}</UniqueIdentifier>
      <Extensions>cpp;moc</Extensions>
      <SourceControlFiles>False</SourceControlFiles>
    </Filter>
    <Filter Include="Generated Files\Release">
      <UniqueIdentifier>{8ff95a63-7300-48d6-a8ba-63b8a046af8e}</UniqueIdentifier>
      <Extensions>cpp;moc</Extensions>
      <SourceControlFiles>False</SourceControlFiles>
    </Filter>
    <Filter Include="nsp">
      <UniqueIdentifier>{18f88e0a-f360-42be-9733-2e173e53f864}</UniqueIdentifier>
    </Filter>
    <Filter Include="nsp\icom">
      <UniqueIdentifier>{e2778c0f-721c-43a5-925e-fa1a726467ae}</UniqueIdentifier>
    </Filter>
  </ItemGroup>
  <ItemGroup>
    <ClCompile Include="main.cpp">
      <Filter>Source Files</Filter>
    </ClCompile>
    <ClCompile Include="mainMind.cpp">
      <Filter>Source Files</Filter>
    </ClCompile>
    <ClCompile Include="GeneratedFiles\Debug\moc_mainMind.cpp">
      <Filter>Generated Files\Debug</Filter>
    </ClCompile>
    <ClCompile Include="GeneratedFiles\Release\moc_mainMind.cpp">
      <Filter>Generated Files\Release</Filter>
    </ClCompile>
    <ClCompile Include="GeneratedFiles\qrc_mainMind.cpp">
      <Filter>Generated Files</Filter>
    </ClCompile>
    <ClCompile Include="connect_session.cpp">
      <Filter>Source Files</Filter>
    </ClCompile>
    <ClCompile Include="connect_manage.cpp">
      <Filter>Source Files</Filter>
    </ClCompile>
    <ClCompile Include="rw_xml_file.cpp">
      <Filter>Source Files</Filter>
    </ClCompile>
    <ClCompile Include="ItemModel.cpp">
      <Filter>Source Files</Filter>
    </ClCompile>
    <ClCompile Include="ProxyModel.cpp">
      <Filter>Source Files</Filter>
    </ClCompile>
    <ClCompile Include="GeneratedFiles\Debug\moc_ProxyModel.cpp">
      <Filter>Generated Files\Debug</Filter>
    </ClCompile>
    <ClCompile Include="GeneratedFiles\Debug\moc_ItemModel.cpp">
      <Filter>Generated Files\Debug</Filter>
    </ClCompile>
    <ClCompile Include="GeneratedFiles\Release\moc_ItemModel.cpp">
      <Filter>Generated Files\Release</Filter>
    </ClCompile>
    <ClCompile Include="..\..\sdk\nsp\encrypt.cpp">
      <Filter>nsp</Filter>
    </ClCompile>
    <ClCompile Include="..\..\sdk\nsp\endpoint.cpp">
      <Filter>nsp</Filter>
    </ClCompile>
    <ClCompile Include="..\..\sdk\nsp\log.cpp">
      <Filter>nsp</Filter>
    </ClCompile>
    <ClCompile Include="..\..\sdk\nsp\network_handler.cpp">
      <Filter>nsp</Filter>
    </ClCompile>
    <ClCompile Include="..\..\sdk\nsp\os_util.cpp">
      <Filter>nsp</Filter>
    </ClCompile>
    <ClCompile Include="..\..\sdk\nsp\swnet.cpp">
      <Filter>nsp</Filter>
    </ClCompile>
    <ClCompile Include="..\..\sdk\nsp\toolkit.cpp">
      <Filter>nsp</Filter>
    </ClCompile>
    <ClCompile Include="warning_page.cpp">
      <Filter>Source Files</Filter>
    </ClCompile>
    <ClCompile Include="GeneratedFiles\Debug\moc_warning_page.cpp">
      <Filter>Generated Files\Debug</Filter>
    </ClCompile>
    <ClCompile Include="GeneratedFiles\Release\moc_warning_page.cpp">
      <Filter>Generated Files\Release</Filter>
    </ClCompile>
    <ClCompile Include="file_schedule.cpp">
      <Filter>Source Files</Filter>
    </ClCompile>
    <ClCompile Include="GeneratedFiles\Debug\moc_file_schedule.cpp">
      <Filter>Generated Files\Debug</Filter>
    </ClCompile>
    <ClCompile Include="GeneratedFiles\Release\moc_file_schedule.cpp">
      <Filter>Generated Files\Release</Filter>
    </ClCompile>
    <ClCompile Include="login_wid.cpp">
      <Filter>Source Files</Filter>
    </ClCompile>
    <ClCompile Include="GeneratedFiles\Debug\moc_login_wid.cpp">
      <Filter>Generated Files\Debug</Filter>
    </ClCompile>
    <ClCompile Include="GeneratedFiles\Release\moc_login_wid.cpp">
      <Filter>Generated Files\Release</Filter>
    </ClCompile>
    <ClCompile Include="recv_handler.cpp">
      <Filter>Source Files</Filter>
    </ClCompile>
    <ClCompile Include="template_manage.cpp">
      <Filter>Source Files</Filter>
    </ClCompile>
    <ClCompile Include="GeneratedFiles\Debug\moc_template_manage.cpp">
      <Filter>Generated Files\Debug</Filter>
    </ClCompile>
    <ClCompile Include="GeneratedFiles\Release\moc_template_manage.cpp">
      <Filter>Generated Files\Release</Filter>
    </ClCompile>
    <ClCompile Include="group_tab.cpp">
      <Filter>Source Files</Filter>
    </ClCompile>
    <ClCompile Include="GeneratedFiles\Debug\moc_group_tab.cpp">
      <Filter>Generated Files\Debug</Filter>
    </ClCompile>
    <ClCompile Include="GeneratedFiles\Release\moc_group_tab.cpp">
      <Filter>Generated Files\Release</Filter>
    </ClCompile>
    <ClCompile Include="group_edit.cpp">
      <Filter>Source Files</Filter>
    </ClCompile>
    <ClCompile Include="GeneratedFiles\Debug\moc_group_edit.cpp">
      <Filter>Generated Files\Debug</Filter>
    </ClCompile>
    <ClCompile Include="GeneratedFiles\Release\moc_group_edit.cpp">
      <Filter>Generated Files\Release</Filter>
    </ClCompile>
    <ClCompile Include="edit_exist_group.cpp">
      <Filter>Source Files</Filter>
    </ClCompile>
    <ClCompile Include="GeneratedFiles\Debug\moc_edit_exist_group.cpp">
      <Filter>Generated Files\Debug</Filter>
    </ClCompile>
    <ClCompile Include="GeneratedFiles\Release\moc_edit_exist_group.cpp">
      <Filter>Generated Files\Release</Filter>
    </ClCompile>
  </ItemGroup>
  <ItemGroup>
    <CustomBuild Include="mainMind.h">
      <Filter>Header Files</Filter>
    </CustomBuild>
    <CustomBuild Include="mainMind.ui">
      <Filter>Form Files</Filter>
    </CustomBuild>
    <CustomBuild Include="mainMind.qrc">
      <Filter>Resource Files</Filter>
    </CustomBuild>
    <CustomBuild Include="ProxyModel.h">
      <Filter>Header Files</Filter>
    </CustomBuild>
    <CustomBuild Include="ItemModel.h">
      <Filter>Header Files</Filter>
    </CustomBuild>
    <CustomBuild Include="warning_page.h">
      <Filter>Header Files</Filter>
    </CustomBuild>
    <CustomBuild Include="warning_page.ui">
      <Filter>Form Files</Filter>
    </CustomBuild>
    <CustomBuild Include="file_schedule.h">
      <Filter>Header Files</Filter>
    </CustomBuild>
    <CustomBuild Include="file_schedule.ui">
      <Filter>Form Files</Filter>
    </CustomBuild>
    <CustomBuild Include="login_wid.h">
      <Filter>Header Files</Filter>
    </CustomBuild>
    <CustomBuild Include="login_wid.ui">
      <Filter>Form Files</Filter>
    </CustomBuild>
    <CustomBuild Include="template_manage.h">
      <Filter>Header Files</Filter>
    </CustomBuild>
    <CustomBuild Include="template_manage.ui">
      <Filter>Form Files</Filter>
    </CustomBuild>
    <CustomBuild Include="group_tab.h">
      <Filter>Header Files</Filter>
    </CustomBuild>
    <CustomBuild Include="group_tab.ui">
      <Filter>Form Files</Filter>
    </CustomBuild>
    <CustomBuild Include="group_edit.h">
      <Filter>Header Files</Filter>
    </CustomBuild>
    <CustomBuild Include="group_edit.ui">
      <Filter>Form Files</Filter>
    </CustomBuild>
    <CustomBuild Include="edit_exist_group.h">
      <Filter>Header Files</Filter>
    </CustomBuild>
    <CustomBuild Include="edit_exist_group.ui">
      <Filter>Form Files</Filter>
    </CustomBuild>
  </ItemGroup>
  <ItemGroup>
    <ClInclude Include="GeneratedFiles\ui_mainMind.h">
      <Filter>Generated Files</Filter>
    </ClInclude>
    <ClInclude Include="connect_session.h">
      <Filter>Header Files</Filter>
    </ClInclude>
    <ClInclude Include="connect_manage.h">
      <Filter>Header Files</Filter>
    </ClInclude>
    <ClInclude Include="rw_xml_file.h">
      <Filter>Header Files</Filter>
    </ClInclude>
    <ClInclude Include="..\..\sdk\nsp\application_network_framwork.hpp">
      <Filter>nsp</Filter>
    </ClInclude>
    <ClInclude Include="..\..\sdk\nsp\endpoint.h">
      <Filter>nsp</Filter>
    </ClInclude>
    <ClInclude Include="..\..\sdk\nsp\exception.hpp">
      <Filter>nsp</Filter>
    </ClInclude>
    <ClInclude Include="..\..\sdk\nsp\log.h">
      <Filter>nsp</Filter>
    </ClInclude>
    <ClInclude Include="..\..\sdk\nsp\network_handler.h">
      <Filter>nsp</Filter>
    </ClInclude>
    <ClInclude Include="..\..\sdk\nsp\old.hpp">
      <Filter>nsp</Filter>
    </ClInclude>
    <ClInclude Include="..\..\sdk\nsp\os_util.hpp">
      <Filter>nsp</Filter>
    </ClInclude>
    <ClInclude Include="..\..\sdk\nsp\serialize.hpp">
      <Filter>nsp</Filter>
    </ClInclude>
    <ClInclude Include="..\..\sdk\nsp\singleton.hpp">
      <Filter>nsp</Filter>
    </ClInclude>
    <ClInclude Include="..\..\sdk\nsp\swnet.h">
      <Filter>nsp</Filter>
    </ClInclude>
    <ClInclude Include="..\..\sdk\nsp\task_scheduler.hpp">
      <Filter>nsp</Filter>
    </ClInclude>
    <ClInclude Include="..\..\sdk\nsp\toolkit.h">
      <Filter>nsp</Filter>
    </ClInclude>
    <ClInclude Include="..\..\sdk\nsp\icom\avltree.h">
      <Filter>nsp\icom</Filter>
    </ClInclude>
    <ClInclude Include="..\..\sdk\nsp\icom\base64.h">
      <Filter>nsp\icom</Filter>
    </ClInclude>
    <ClInclude Include="..\..\sdk\nsp\icom\clist.h">
      <Filter>nsp\icom</Filter>
    </ClInclude>
    <ClInclude Include="..\..\sdk\nsp\icom\compiler.h">
      <Filter>nsp\icom</Filter>
    </ClInclude>
    <ClInclude Include="..\..\sdk\nsp\icom\crc32.h">
      <Filter>nsp\icom</Filter>
    </ClInclude>
    <ClInclude Include="..\..\sdk\nsp\icom\des.h">
      <Filter>nsp\icom</Filter>
    </ClInclude>
    <ClInclude Include="..\..\sdk\nsp\icom\logger.h">
      <Filter>nsp\icom</Filter>
    </ClInclude>
    <ClInclude Include="..\..\sdk\nsp\icom\md5.h">
      <Filter>nsp\icom</Filter>
    </ClInclude>
    <ClInclude Include="..\..\sdk\nsp\icom\nis.h">
      <Filter>nsp\icom</Filter>
    </ClInclude>
    <ClInclude Include="..\..\sdk\nsp\icom\nisdef.h">
      <Filter>nsp\icom</Filter>
    </ClInclude>
    <ClInclude Include="..\..\sdk\nsp\icom\object.h">
      <Filter>nsp\icom</Filter>
    </ClInclude>
    <ClInclude Include="..\..\sdk\nsp\icom\posix_atomic.h">
      <Filter>nsp\icom</Filter>
    </ClInclude>
    <ClInclude Include="..\..\sdk\nsp\icom\posix_ifos.h">
      <Filter>nsp\icom</Filter>
    </ClInclude>
    <ClInclude Include="..\..\sdk\nsp\icom\posix_naos.h">
      <Filter>nsp\icom</Filter>
    </ClInclude>
    <ClInclude Include="..\..\sdk\nsp\icom\posix_string.h">
      <Filter>nsp\icom</Filter>
    </ClInclude>
    <ClInclude Include="..\..\sdk\nsp\icom\posix_thread.h">
      <Filter>nsp\icom</Filter>
    </ClInclude>
    <ClInclude Include="..\..\sdk\nsp\icom\posix_time.h">
      <Filter>nsp\icom</Filter>
    </ClInclude>
    <ClInclude Include="..\..\sdk\nsp\icom\posix_wait.h">
      <Filter>nsp\icom</Filter>
    </ClInclude>
    <ClInclude Include="GeneratedFiles\ui_warning_page.h">
      <Filter>Generated Files</Filter>
    </ClInclude>
    <ClInclude Include="GeneratedFiles\ui_file_schedule.h">
      <Filter>Generated Files</Filter>
    </ClInclude>
    <ClInclude Include="GeneratedFiles\ui_login_wid.h">
      <Filter>Generated Files</Filter>
    </ClInclude>
    <ClInclude Include="..\..\sdk\misc\gzfts_api.h">
      <Filter>Header Files</Filter>
    </ClInclude>
    <ClInclude Include="resource.h">
      <Filter>Header Files</Filter>
    </ClInclude>
    <ClInclude Include="resource1.h">
      <Filter>Header Files</Filter>
    </ClInclude>
    <ClInclude Include="resource2.h">
      <Filter>Header Files</Filter>
    </ClInclude>
    <ClInclude Include="recv_handler.h">
      <Filter>Header Files</Filter>
    </ClInclude>
    <ClInclude Include="GeneratedFiles\ui_template_manage.h">
      <Filter>Generated Files</Filter>
    </ClInclude>
    <ClInclude Include="GeneratedFiles\ui_group_tab.h">
      <Filter>Generated Files</Filter>
    </ClInclude>
    <ClInclude Include="GeneratedFiles\ui_group_edit.h">
      <Filter>Generated Files</Filter>
    </ClInclude>
    <ClInclude Include="GeneratedFiles\ui_edit_exist_group.h">
      <Filter>Generated Files</Filter>
    </ClInclude>
  </ItemGroup>
  <ItemGroup>
    <ResourceCompile Include="black_box.rc" />
  </ItemGroup>
  <ItemGroup>
    <Image Include="icon\black_box48.ico" />
  </ItemGroup>
</Project>