<?xml version="1.0" encoding="utf-8"?>
<Project ToolsVersion="4.0" xmlns="http://schemas.microsoft.com/developer/msbuild/2003">
  <ItemGroup>
    <Filter Include="Source Files">
      <UniqueIdentifier>{4FC737F1-C7A5-4376-A066-2A32D752A2FF}</UniqueIdentifier>
      <Extensions>cpp;c;cc;cxx;def;odl;idl;hpj;bat;asm;asmx</Extensions>
    </Filter>
    <Filter Include="Header Files">
      <UniqueIdentifier>{93995380-89BD-4b04-88EB-625FBE52EBFB}</UniqueIdentifier>
      <Extensions>h;hh;hpp;hxx;hm;inl;inc;xsd</Extensions>
    </Filter>
    <Filter Include="Resource Files">
      <UniqueIdentifier>{67DA6AB6-F800-4c08-8B7A-83BB121AAD01}</UniqueIdentifier>
      <Extensions>rc;ico;cur;bmp;dlg;rc2;rct;bin;rgs;gif;jpg;jpeg;jpe;resx;tiff;tif;png;wav;mfcribbon-ms</Extensions>
    </Filter>
    <Filter Include="nsp">
      <UniqueIdentifier>{664edaf5-0a17-4817-9b46-fb619885d8f8}</UniqueIdentifier>
    </Filter>
    <Filter Include="var">
      <UniqueIdentifier>{d5fe72e9-c434-4681-adc2-66a141c5033c}</UniqueIdentifier>
    </Filter>
    <Filter Include="proto">
      <UniqueIdentifier>{12c906e0-f964-4737-9aec-33c461f53d07}</UniqueIdentifier>
    </Filter>
    <Filter Include="netdriver">
      <UniqueIdentifier>{e6f5a690-270c-4df8-87e5-ff099ca686ed}</UniqueIdentifier>
    </Filter>
  </ItemGroup>
  <ItemGroup>
    <ClInclude Include="..\..\package\nsp\application_network_framwork.hpp">
      <Filter>nsp</Filter>
    </ClInclude>
    <ClInclude Include="..\..\package\nsp\endpoint.h">
      <Filter>nsp</Filter>
    </ClInclude>
    <ClInclude Include="..\..\package\nsp\exception.hpp">
      <Filter>nsp</Filter>
    </ClInclude>
    <ClInclude Include="..\..\package\nsp\log.h">
      <Filter>nsp</Filter>
    </ClInclude>
    <ClInclude Include="..\..\package\nsp\network_handler.h">
      <Filter>nsp</Filter>
    </ClInclude>
    <ClInclude Include="..\..\package\nsp\old.hpp">
      <Filter>nsp</Filter>
    </ClInclude>
    <ClInclude Include="..\..\package\nsp\os_util.hpp">
      <Filter>nsp</Filter>
    </ClInclude>
    <ClInclude Include="..\..\package\nsp\serialize.hpp">
      <Filter>nsp</Filter>
    </ClInclude>
    <ClInclude Include="..\..\package\nsp\singleton.hpp">
      <Filter>nsp</Filter>
    </ClInclude>
    <ClInclude Include="..\..\package\nsp\swnet.h">
      <Filter>nsp</Filter>
    </ClInclude>
    <ClInclude Include="..\..\package\nsp\task_scheduler.hpp">
      <Filter>nsp</Filter>
    </ClInclude>
    <ClInclude Include="..\..\package\nsp\toolkit.h">
      <Filter>nsp</Filter>
    </ClInclude>
    <ClInclude Include="..\netdev_driver\impl_net_dev.h">
      <Filter>Source Files</Filter>
    </ClInclude>
    <ClInclude Include="..\netdev_driver\netdriver_base.h">
      <Filter>Source Files</Filter>
    </ClInclude>
    <ClInclude Include="..\netdev_driver\netdriver_modbus.h">
      <Filter>Source Files</Filter>
    </ClInclude>
    <ClInclude Include="..\netdev_driver\netdriver_omron_plc.h">
      <Filter>Source Files</Filter>
    </ClInclude>
    <ClInclude Include="..\netdev_driver\object_switcher.hpp">
      <Filter>Source Files</Filter>
    </ClInclude>
  </ItemGroup>
  <ItemGroup>
    <ClCompile Include="..\..\package\nsp\encrypt.cpp">
      <Filter>nsp</Filter>
    </ClCompile>
    <ClCompile Include="..\..\package\nsp\endpoint.cpp">
      <Filter>nsp</Filter>
    </ClCompile>
    <ClCompile Include="..\..\package\nsp\log.cpp">
      <Filter>nsp</Filter>
    </ClCompile>
    <ClCompile Include="..\..\package\nsp\network_handler.cpp">
      <Filter>nsp</Filter>
    </ClCompile>
    <ClCompile Include="..\..\package\nsp\os_util.cpp">
      <Filter>nsp</Filter>
    </ClCompile>
    <ClCompile Include="..\..\package\nsp\swnet.cpp">
      <Filter>nsp</Filter>
    </ClCompile>
    <ClCompile Include="..\..\package\nsp\toolkit.cpp">
      <Filter>nsp</Filter>
    </ClCompile>
    <ClCompile Include="..\netdev_driver\impl_net_dev.cpp">
      <Filter>Source Files</Filter>
    </ClCompile>
    <ClCompile Include="..\netdev_driver\netdriver_base.cpp">
      <Filter>Source Files</Filter>
    </ClCompile>
    <ClCompile Include="..\netdev_driver\netdriver_modbus.cpp">
      <Filter>Source Files</Filter>
    </ClCompile>
    <ClCompile Include="..\netdev_driver\netdriver_omron_plc.cpp">
      <Filter>Source Files</Filter>
    </ClCompile>
  </ItemGroup>
  <ItemGroup>
    <None Include="..\netdev_driver\netdev_dirver.def">
      <Filter>Source Files</Filter>
    </None>
  </ItemGroup>
</Project>