<?xml version="1.0" encoding="utf-8"?>
<Project ToolsVersion="4.0" xmlns="http://schemas.microsoft.com/developer/msbuild/2003">
  <ItemGroup>
    <Filter Include="Source Files">
      <UniqueIdentifier>{4FC737F1-C7A5-4376-A066-2A32D752A2FF}</UniqueIdentifier>
      <Extensions>cpp;c;cc;cxx;def;odl;idl;hpj;bat;asm;asmx</Extensions>
    </Filter>
    <Filter Include="Header Files">
      <UniqueIdentifier>{93995380-89BD-4b04-88EB-625FBE52EBFB}</UniqueIdentifier>
      <Extensions>h;hh;hpp;hxx;hm;inl;inc;xsd</Extensions>
    </Filter>
    <Filter Include="Resource Files">
      <UniqueIdentifier>{67DA6AB6-F800-4c08-8B7A-83BB121AAD01}</UniqueIdentifier>
      <Extensions>rc;ico;cur;bmp;dlg;rc2;rct;bin;rgs;gif;jpg;jpeg;jpe;resx;tiff;tif;png;wav;mfcribbon-ms</Extensions>
    </Filter>
    <Filter Include="Resource Files\nsp">
      <UniqueIdentifier>{c4f0702f-c3a4-4b77-8b35-50ff067acc6d}</UniqueIdentifier>
    </Filter>
    <Filter Include="Resource Files\var">
      <UniqueIdentifier>{974d06e8-d6dd-4c46-af0b-e27cf835dd46}</UniqueIdentifier>
    </Filter>
    <Filter Include="Resource Files\nsp\icom">
      <UniqueIdentifier>{8ae1ebf5-b33c-4cb3-9f32-ffdee17c1a7f}</UniqueIdentifier>
    </Filter>
  </ItemGroup>
  <ItemGroup>
    <ClCompile Include="main.cpp">
      <Filter>Source Files</Filter>
    </ClCompile>
    <ClCompile Include="..\..\sdk\nsp\encrypt.cpp">
      <Filter>Resource Files\nsp</Filter>
    </ClCompile>
    <ClCompile Include="..\..\sdk\nsp\endpoint.cpp">
      <Filter>Resource Files\nsp</Filter>
    </ClCompile>
    <ClCompile Include="..\..\sdk\nsp\log.cpp">
      <Filter>Resource Files\nsp</Filter>
    </ClCompile>
    <ClCompile Include="..\..\sdk\nsp\network_handler.cpp">
      <Filter>Resource Files\nsp</Filter>
    </ClCompile>
    <ClCompile Include="..\..\sdk\nsp\os_util.cpp">
      <Filter>Resource Files\nsp</Filter>
    </ClCompile>
    <ClCompile Include="..\..\sdk\nsp\swnet.cpp">
      <Filter>Resource Files\nsp</Filter>
    </ClCompile>
    <ClCompile Include="..\..\sdk\nsp\toolkit.cpp">
      <Filter>Resource Files\nsp</Filter>
    </ClCompile>
  </ItemGroup>
  <ItemGroup>
    <ClInclude Include="..\..\..\package\inc\var\angle_encoder.h">
      <Filter>Resource Files\var</Filter>
    </ClInclude>
    <ClInclude Include="..\..\..\package\inc\var\bus.h">
      <Filter>Resource Files\var</Filter>
    </ClInclude>
    <ClInclude Include="..\..\..\package\inc\var\canio.h">
      <Filter>Resource Files\var</Filter>
    </ClInclude>
    <ClInclude Include="..\..\..\package\inc\var\curtis.h">
      <Filter>Resource Files\var</Filter>
    </ClInclude>
    <ClInclude Include="..\..\..\package\inc\var\dio.h">
      <Filter>Resource Files\var</Filter>
    </ClInclude>
    <ClInclude Include="..\..\..\package\inc\var\drive_unit.h">
      <Filter>Resource Files\var</Filter>
    </ClInclude>
    <ClInclude Include="..\..\..\package\inc\var\elmo.h">
      <Filter>Resource Files\var</Filter>
    </ClInclude>
    <ClInclude Include="..\..\..\package\inc\var\error.h">
      <Filter>Resource Files\var</Filter>
    </ClInclude>
    <ClInclude Include="..\..\..\package\inc\var\errtypes.h">
      <Filter>Resource Files\var</Filter>
    </ClInclude>
    <ClInclude Include="..\..\..\package\inc\var\map.h">
      <Filter>Resource Files\var</Filter>
    </ClInclude>
    <ClInclude Include="..\..\..\package\inc\var\memnetdev.h">
      <Filter>Resource Files\var</Filter>
    </ClInclude>
    <ClInclude Include="..\..\..\package\inc\var\moons.h">
      <Filter>Resource Files\var</Filter>
    </ClInclude>
    <ClInclude Include="..\..\..\package\inc\var\navigation.h">
      <Filter>Resource Files\var</Filter>
    </ClInclude>
    <ClInclude Include="..\..\..\package\inc\var\netio.h">
      <Filter>Resource Files\var</Filter>
    </ClInclude>
    <ClInclude Include="..\..\..\package\inc\var\operation.h">
      <Filter>Resource Files\var</Filter>
    </ClInclude>
    <ClInclude Include="..\..\..\package\inc\var\optpar.h">
      <Filter>Resource Files\var</Filter>
    </ClInclude>
    <ClInclude Include="..\..\..\package\inc\var\safety.h">
      <Filter>Resource Files\var</Filter>
    </ClInclude>
    <ClInclude Include="..\..\..\package\inc\var\usrdef.h">
      <Filter>Resource Files\var</Filter>
    </ClInclude>
    <ClInclude Include="..\..\..\package\inc\var\var.h">
      <Filter>Resource Files\var</Filter>
    </ClInclude>
    <ClInclude Include="..\..\..\package\inc\var\vartypes.h">
      <Filter>Resource Files\var</Filter>
    </ClInclude>
    <ClInclude Include="..\..\..\package\inc\var\vehicle.h">
      <Filter>Resource Files\var</Filter>
    </ClInclude>
    <ClInclude Include="..\..\..\package\inc\var\voice.h">
      <Filter>Resource Files\var</Filter>
    </ClInclude>
    <ClInclude Include="..\..\..\package\inc\var\wheel.h">
      <Filter>Resource Files\var</Filter>
    </ClInclude>
    <ClInclude Include="..\..\..\package\inc\motion_net\asio.hpp">
      <Filter>Header Files</Filter>
    </ClInclude>
    <ClInclude Include="..\..\..\package\inc\motion_net\net_impls.h">
      <Filter>Header Files</Filter>
    </ClInclude>
    <ClInclude Include="..\..\..\package\inc\motion_net\proto_ack_typedef.h">
      <Filter>Header Files</Filter>
    </ClInclude>
    <ClInclude Include="..\..\sdk\nsp\icom\avltree.h">
      <Filter>Resource Files\nsp\icom</Filter>
    </ClInclude>
    <ClInclude Include="..\..\sdk\nsp\icom\base64.h">
      <Filter>Resource Files\nsp\icom</Filter>
    </ClInclude>
    <ClInclude Include="..\..\sdk\nsp\icom\clist.h">
      <Filter>Resource Files\nsp\icom</Filter>
    </ClInclude>
    <ClInclude Include="..\..\sdk\nsp\icom\compiler.h">
      <Filter>Resource Files\nsp\icom</Filter>
    </ClInclude>
    <ClInclude Include="..\..\sdk\nsp\icom\crc32.h">
      <Filter>Resource Files\nsp\icom</Filter>
    </ClInclude>
    <ClInclude Include="..\..\sdk\nsp\icom\des.h">
      <Filter>Resource Files\nsp\icom</Filter>
    </ClInclude>
    <ClInclude Include="..\..\sdk\nsp\icom\logger.h">
      <Filter>Resource Files\nsp\icom</Filter>
    </ClInclude>
    <ClInclude Include="..\..\sdk\nsp\icom\md5.h">
      <Filter>Resource Files\nsp\icom</Filter>
    </ClInclude>
    <ClInclude Include="..\..\sdk\nsp\icom\nis.h">
      <Filter>Resource Files\nsp\icom</Filter>
    </ClInclude>
    <ClInclude Include="..\..\sdk\nsp\icom\nisdef.h">
      <Filter>Resource Files\nsp\icom</Filter>
    </ClInclude>
    <ClInclude Include="..\..\sdk\nsp\icom\object.h">
      <Filter>Resource Files\nsp\icom</Filter>
    </ClInclude>
    <ClInclude Include="..\..\sdk\nsp\icom\posix_atomic.h">
      <Filter>Resource Files\nsp\icom</Filter>
    </ClInclude>
    <ClInclude Include="..\..\sdk\nsp\icom\posix_ifos.h">
      <Filter>Resource Files\nsp\icom</Filter>
    </ClInclude>
    <ClInclude Include="..\..\sdk\nsp\icom\posix_naos.h">
      <Filter>Resource Files\nsp\icom</Filter>
    </ClInclude>
    <ClInclude Include="..\..\sdk\nsp\icom\posix_string.h">
      <Filter>Resource Files\nsp\icom</Filter>
    </ClInclude>
    <ClInclude Include="..\..\sdk\nsp\icom\posix_thread.h">
      <Filter>Resource Files\nsp\icom</Filter>
    </ClInclude>
    <ClInclude Include="..\..\sdk\nsp\icom\posix_time.h">
      <Filter>Resource Files\nsp\icom</Filter>
    </ClInclude>
    <ClInclude Include="..\..\sdk\nsp\icom\posix_wait.h">
      <Filter>Resource Files\nsp\icom</Filter>
    </ClInclude>
    <ClInclude Include="..\..\sdk\nsp\application_network_framwork.hpp">
      <Filter>Resource Files\nsp</Filter>
    </ClInclude>
    <ClInclude Include="..\..\sdk\nsp\endpoint.h">
      <Filter>Resource Files\nsp</Filter>
    </ClInclude>
    <ClInclude Include="..\..\sdk\nsp\exception.hpp">
      <Filter>Resource Files\nsp</Filter>
    </ClInclude>
    <ClInclude Include="..\..\sdk\nsp\log.h">
      <Filter>Resource Files\nsp</Filter>
    </ClInclude>
    <ClInclude Include="..\..\sdk\nsp\network_handler.h">
      <Filter>Resource Files\nsp</Filter>
    </ClInclude>
    <ClInclude Include="..\..\sdk\nsp\old.hpp">
      <Filter>Resource Files\nsp</Filter>
    </ClInclude>
    <ClInclude Include="..\..\sdk\nsp\os_util.hpp">
      <Filter>Resource Files\nsp</Filter>
    </ClInclude>
    <ClInclude Include="..\..\sdk\nsp\serialize.hpp">
      <Filter>Resource Files\nsp</Filter>
    </ClInclude>
    <ClInclude Include="..\..\sdk\nsp\singleton.hpp">
      <Filter>Resource Files\nsp</Filter>
    </ClInclude>
    <ClInclude Include="..\..\sdk\nsp\swnet.h">
      <Filter>Resource Files\nsp</Filter>
    </ClInclude>
    <ClInclude Include="..\..\sdk\nsp\task_scheduler.hpp">
      <Filter>Resource Files\nsp</Filter>
    </ClInclude>
    <ClInclude Include="..\..\sdk\nsp\toolkit.h">
      <Filter>Resource Files\nsp</Filter>
    </ClInclude>
  </ItemGroup>
</Project>