
Microsoft Visual Studio Solution File, Format Version 12.00
# Visual Studio 2013
VisualStudioVersion = 12.0.21005.1
MinimumVisualStudioVersion = 10.0.40219.1
Project("{8BC9CEB8-8B4A-11D0-8D11-00A0C91BC942}") = "driverconfig", "driverconfig.vcxproj", "{B12702AD-ABFB-343A-A199-8E24837244A3}"
	ProjectSection(ProjectDependencies) = postProject
		{DAD3F6D4-E86B-49A2-8A4D-2F5FA42F0608} = {DAD3F6D4-E86B-49A2-8A4D-2F5FA42F0608}
	EndProjectSection
EndProject
Project("{8BC9CEB8-8B4A-11D0-8D11-00A0C91BC942}") = "gdp", "..\gdp\gdp.vcxproj", "{DAD3F6D4-E86B-49A2-8A4D-2F5FA42F0608}"
EndProject
Global
	GlobalSection(SolutionConfigurationPlatforms) = preSolution
		Debug|Win32 = Debug|Win32
		Release|Win32 = Release|Win32
	EndGlobalSection
	GlobalSection(ProjectConfigurationPlatforms) = postSolution
		{B12702AD-ABFB-343A-A199-8E24837244A3}.Debug|Win32.ActiveCfg = Debug|Win32
		{B12702AD-ABFB-343A-A199-8E24837244A3}.Debug|Win32.Build.0 = Debug|Win32
		{B12702AD-ABFB-343A-A199-8E24837244A3}.Release|Win32.ActiveCfg = Release|Win32
		{B12702AD-ABFB-343A-A199-8E24837244A3}.Release|Win32.Build.0 = Release|Win32
		{DAD3F6D4-E86B-49A2-8A4D-2F5FA42F0608}.Debug|Win32.ActiveCfg = Debug|Win32
		{DAD3F6D4-E86B-49A2-8A4D-2F5FA42F0608}.Debug|Win32.Build.0 = Debug|Win32
		{DAD3F6D4-E86B-49A2-8A4D-2F5FA42F0608}.Release|Win32.ActiveCfg = Release|Win32
		{DAD3F6D4-E86B-49A2-8A4D-2F5FA42F0608}.Release|Win32.Build.0 = Release|Win32
	EndGlobalSection
	GlobalSection(SolutionProperties) = preSolution
		HideSolutionNode = FALSE
	EndGlobalSection
	GlobalSection(ExtensibilityGlobals) = postSolution
		Qt5Version = Qt5.8.0
	EndGlobalSection
EndGlobal
